{
  "name": "workshop1",
  "lockfileVersion": 3,
  "requires": true,
  "packages": {
    "": {
      "dependencies": {
        "@genezio/types": "^1.0.19"
      }
    },
    "node_modules/@genezio/auth": {
      "version": "2.1.1",
      "resolved": "https://registry.npmjs.org/@genezio/auth/-/auth-2.1.1.tgz",
      "integrity": "sha512-l4oww/+dw+SOS3vLV/CksbtlXSjLq218H952xPRZpH5zYiV7Xp8vCfcHFEdrNcKzRhmlh3ogR61bWjV5NQLm4A==",
      "bundleDependencies": [
        "genezio-remote"
      ],
      "dependencies": {
        "genezio-remote": "1.0.0"
      }
    },
    "node_modules/@genezio/auth/node_modules/genezio-remote": {
      "version": "1.0.0",
      "inBundle": true
    },
    "node_modules/@genezio/types": {
      "version": "1.0.19",
      "resolved": "https://registry.npmjs.org/@genezio/types/-/types-1.0.19.tgz",
      "integrity": "sha512-mfZmPwSI7d35AvPrx1/bURImbY7d5b10T+6CPtjC9o8xSwgQ8l1LL0+p5zXeVU5ZFDBqoE7HzW33QPrvJuAHnw==",
      "dependencies": {
        "@genezio/auth": "^2.0.20"
      }
    }
  }
}
